{
    "name": "@neil188/browserslist-config",
    "version": "2.5.0",
    "lockfileVersion": 1,
    "requires": true,
    "dependencies": {
        "browserslist": {
            "version": "4.7.0",
            "resolved": "https://registry.npmjs.org/browserslist/-/browserslist-4.7.0.tgz",
            "integrity": "sha512-9rGNDtnj+HaahxiVV38Gn8n8Lr8REKsel68v1sPFfIGEK6uSXTY3h9acgiT1dZVtOOUtifo/Dn8daDQ5dUgVsA==",
            "dev": true,
            "requires": {
                "caniuse-lite": "^1.0.30000989",
                "electron-to-chromium": "^1.3.247",
                "node-releases": "^1.1.29"
            }
        },
        "caniuse-lite": {
            "version": "1.0.30000989",
            "resolved": "https://registry.npmjs.org/caniuse-lite/-/caniuse-lite-1.0.30000989.tgz",
            "integrity": "sha512-vrMcvSuMz16YY6GSVZ0dWDTJP8jqk3iFQ/Aq5iqblPwxSVVZI+zxDyTX0VPqtQsDnfdrBDcsmhgTEOh5R8Lbpw==",
            "dev": true
        },
        "electron-to-chromium": {
            "version": "1.3.250",
            "resolved": "https://registry.npmjs.org/electron-to-chromium/-/electron-to-chromium-1.3.250.tgz",
            "integrity": "sha512-2OAU91iUw83QvzuWJPfT+FMj+O+DC1EyTx1QBFcc9WZzOQSfZEAWINpdLWElxkgfiqTvQRDOKg0DkMZd9QoNug==",
            "dev": true
        },
        "node-releases": {
            "version": "1.1.29",
            "resolved": "https://registry.npmjs.org/node-releases/-/node-releases-1.1.29.tgz",
            "integrity": "sha512-R5bDhzh6I+tpi/9i2hrrvGJ3yKPYzlVOORDkXhnZuwi5D3q1I5w4vYy24PJXTcLk9Q0kws9TO77T75bcK8/ysQ==",
            "dev": true,
            "requires": {
                "semver": "^5.3.0"
            }
        },
        "semver": {
            "version": "5.7.1",
            "resolved": "https://registry.npmjs.org/semver/-/semver-5.7.1.tgz",
            "integrity": "sha512-sauaDf/PZdVgrLTNYHRtpXa1iRiKcaebiKQ1BJdpQlWH2lCvexQdX55snPFyK7QzpudqbCI0qXFfOasHdyNDGQ==",
            "dev": true
        }
    }
}
