{
    "name": "@neil188/browserslist-config",
    "version": "2.5.0",
    "lockfileVersion": 1,
    "requires": true,
    "dependencies": {
        "browserslist": {
            "version": "4.8.6",
            "resolved": "https://registry.npmjs.org/browserslist/-/browserslist-4.8.6.tgz",
            "integrity": "sha512-ZHao85gf0eZ0ESxLfCp73GG9O/VTytYDIkIiZDlURppLTI9wErSM/5yAKEq6rcUdxBLjMELmrYUJGg5sxGKMHg==",
            "dev": true,
            "requires": {
                "caniuse-lite": "^1.0.30001023",
                "electron-to-chromium": "^1.3.341",
                "node-releases": "^1.1.47"
            }
        },
        "caniuse-lite": {
            "version": "1.0.30001023",
            "resolved": "https://registry.npmjs.org/caniuse-lite/-/caniuse-lite-1.0.30001023.tgz",
            "integrity": "sha512-C5TDMiYG11EOhVOA62W1p3UsJ2z4DsHtMBQtjzp3ZsUglcQn62WOUgW0y795c7A5uZ+GCEIvzkMatLIlAsbNTA==",
            "dev": true
        },
        "electron-to-chromium": {
            "version": "1.3.341",
            "resolved": "https://registry.npmjs.org/electron-to-chromium/-/electron-to-chromium-1.3.341.tgz",
            "integrity": "sha512-iezlV55/tan1rvdvt7yg7VHRSkt+sKfzQ16wTDqTbQqtl4+pSUkKPXpQHDvEt0c7gKcUHHwUbffOgXz6bn096g==",
            "dev": true
        },
        "node-releases": {
            "version": "1.1.47",
            "resolved": "https://registry.npmjs.org/node-releases/-/node-releases-1.1.47.tgz",
            "integrity": "sha512-k4xjVPx5FpwBUj0Gw7uvFOTF4Ep8Hok1I6qjwL3pLfwe7Y0REQSAqOwwv9TWBCUtMHxcXfY4PgRLRozcChvTcA==",
            "dev": true,
            "requires": {
                "semver": "^6.3.0"
            }
        },
        "semver": {
            "version": "6.3.0",
            "resolved": "https://registry.npmjs.org/semver/-/semver-6.3.0.tgz",
            "integrity": "sha512-b39TBaTSfV6yBrapU89p5fKekE2m/NwnDocOVruQFS1/veMgdzuPcnOM34M6CwxW8jH/lxEa5rBoDeUwu5HHTw==",
            "dev": true
        }
    }
}
