{
    "name": "@neil188/browserslist-config",
    "version": "2.3.0",
    "lockfileVersion": 1,
    "requires": true,
    "dependencies": {
        "browserslist": {
            "version": "4.4.0",
            "resolved": "https://registry.npmjs.org/browserslist/-/browserslist-4.4.0.tgz",
            "integrity": "sha512-tQkHS8VVxWbrjnNDXgt7/+SuPJ7qDvD0Y2e6bLtoQluR2SPvlmPUcfcU75L1KAalhqULlIFJlJ6BDfnYyJxJsw==",
            "dev": true,
            "requires": {
                "caniuse-lite": "^1.0.30000928",
                "electron-to-chromium": "^1.3.100",
                "node-releases": "^1.1.3"
            }
        },
        "caniuse-lite": {
            "version": "1.0.30000928",
            "resolved": "https://registry.npmjs.org/caniuse-lite/-/caniuse-lite-1.0.30000928.tgz",
            "integrity": "sha512-aSpMWRXL6ZXNnzm8hgE4QDLibG5pVJ2Ujzsuj3icazlIkxXkPXtL+BWnMx6FBkWmkZgBHGUxPZQvrbRw2ZTxhg==",
            "dev": true
        },
        "electron-to-chromium": {
            "version": "1.3.100",
            "resolved": "https://registry.npmjs.org/electron-to-chromium/-/electron-to-chromium-1.3.100.tgz",
            "integrity": "sha512-cEUzis2g/RatrVf8x26L8lK5VEls1AGnLHk6msluBUg/NTB4wcXzExTsGscFq+Vs4WBBU2zbLLySvD4C0C3hwg==",
            "dev": true
        },
        "node-releases": {
            "version": "1.1.3",
            "resolved": "https://registry.npmjs.org/node-releases/-/node-releases-1.1.3.tgz",
            "integrity": "sha512-6VrvH7z6jqqNFY200kdB6HdzkgM96Oaj9v3dqGfgp6mF+cHmU4wyQKZ2/WPDRVoR0Jz9KqbamaBN0ZhdUaysUQ==",
            "dev": true,
            "requires": {
                "semver": "^5.3.0"
            }
        },
        "semver": {
            "version": "5.6.0",
            "resolved": "https://registry.npmjs.org/semver/-/semver-5.6.0.tgz",
            "integrity": "sha512-RS9R6R35NYgQn++fkDWaOmqGoj4Ek9gGs+DPxNUZKuwE183xjJroKvyo1IzVFeXvUrvmALy6FWD5xrdJT25gMg==",
            "dev": true
        }
    }
}
